
Microsoft Visual Studio Solution File, Format Version 12.00
# Visual Studio Version 16
VisualStudioVersion = 16.0.31911.196
MinimumVisualStudioVersion = 10.0.40219.1
Project("{9A19103F-16F7-4668-BE54-9A1E7A4F7556}") = "DataAccess", "DataAccess\DataAccess.csproj", "{05678D21-7B80-471A-AEE1-BF6D069DBE09}"
EndProject
Project("{9A19103F-16F7-4668-BE54-9A1E7A4F7556}") = "Business", "Business\Business.csproj", "{E731389E-1D4F-48E6-91AA-11484F236516}"
EndProject
Project("{9A19103F-16F7-4668-BE54-9A1E7A4F7556}") = "Entities", "Entities\Entities.csproj", "{9DF84C22-E353-4CC4-AACB-CAE0E85694F4}"
EndProject
Project("{9A19103F-16F7-4668-BE54-9A1E7A4F7556}") = "ConsoleUI", "ConsoleUI\ConsoleUI.csproj", "{B79817C8-ECF3-4E20-88A5-4D2586E7B1F7}"
EndProject
Project("{9A19103F-16F7-4668-BE54-9A1E7A4F7556}") = "Core", "Core\Core.csproj", "{5766BB53-48AC-4984-94CF-49B621BE3F0C}"
EndProject
Project("{9A19103F-16F7-4668-BE54-9A1E7A4F7556}") = "WebAPI", "WebAPI\WebAPI.csproj", "{0B176630-74DD-4A00-8DE6-9C20C75B677B}"
EndProject
Project("{9A19103F-16F7-4668-BE54-9A1E7A4F7556}") = "Attributes", "Attributes\Attributes.csproj", "{D301E7A5-23FE-4CC5-8E46-364B7642D4D9}"
EndProject
Project("{9A19103F-16F7-4668-BE54-9A1E7A4F7556}") = "Reflection", "Reflection\Reflection.csproj", "{7E2AAE37-8B2F-4135-BD3D-8B10C466512E}"
EndProject
Project("{FAE04EC0-301F-11D3-BF4B-00C04F79EFBC}") = "Delegates", "Delegates\Delegates.csproj", "{ECC856E8-7987-4311-B807-E831D00870D3}"
EndProject
Project("{FAE04EC0-301F-11D3-BF4B-00C04F79EFBC}") = "Events", "Events\Events.csproj", "{EF41B488-4E01-4125-8AAA-C07F55278517}"
EndProject
Global
	GlobalSection(SolutionConfigurationPlatforms) = preSolution
		Debug|Any CPU = Debug|Any CPU
		Release|Any CPU = Release|Any CPU
	EndGlobalSection
	GlobalSection(ProjectConfigurationPlatforms) = postSolution
		{05678D21-7B80-471A-AEE1-BF6D069DBE09}.Debug|Any CPU.ActiveCfg = Debug|Any CPU
		{05678D21-7B80-471A-AEE1-BF6D069DBE09}.Debug|Any CPU.Build.0 = Debug|Any CPU
		{05678D21-7B80-471A-AEE1-BF6D069DBE09}.Release|Any CPU.ActiveCfg = Release|Any CPU
		{05678D21-7B80-471A-AEE1-BF6D069DBE09}.Release|Any CPU.Build.0 = Release|Any CPU
		{E731389E-1D4F-48E6-91AA-11484F236516}.Debug|Any CPU.ActiveCfg = Debug|Any CPU
		{E731389E-1D4F-48E6-91AA-11484F236516}.Debug|Any CPU.Build.0 = Debug|Any CPU
		{E731389E-1D4F-48E6-91AA-11484F236516}.Release|Any CPU.ActiveCfg = Release|Any CPU
		{E731389E-1D4F-48E6-91AA-11484F236516}.Release|Any CPU.Build.0 = Release|Any CPU
		{9DF84C22-E353-4CC4-AACB-CAE0E85694F4}.Debug|Any CPU.ActiveCfg = Debug|Any CPU
		{9DF84C22-E353-4CC4-AACB-CAE0E85694F4}.Debug|Any CPU.Build.0 = Debug|Any CPU
		{9DF84C22-E353-4CC4-AACB-CAE0E85694F4}.Release|Any CPU.ActiveCfg = Release|Any CPU
		{9DF84C22-E353-4CC4-AACB-CAE0E85694F4}.Release|Any CPU.Build.0 = Release|Any CPU
		{B79817C8-ECF3-4E20-88A5-4D2586E7B1F7}.Debug|Any CPU.ActiveCfg = Debug|Any CPU
		{B79817C8-ECF3-4E20-88A5-4D2586E7B1F7}.Debug|Any CPU.Build.0 = Debug|Any CPU
		{B79817C8-ECF3-4E20-88A5-4D2586E7B1F7}.Release|Any CPU.ActiveCfg = Release|Any CPU
		{B79817C8-ECF3-4E20-88A5-4D2586E7B1F7}.Release|Any CPU.Build.0 = Release|Any CPU
		{5766BB53-48AC-4984-94CF-49B621BE3F0C}.Debug|Any CPU.ActiveCfg = Debug|Any CPU
		{5766BB53-48AC-4984-94CF-49B621BE3F0C}.Debug|Any CPU.Build.0 = Debug|Any CPU
		{5766BB53-48AC-4984-94CF-49B621BE3F0C}.Release|Any CPU.ActiveCfg = Release|Any CPU
		{5766BB53-48AC-4984-94CF-49B621BE3F0C}.Release|Any CPU.Build.0 = Release|Any CPU
		{0B176630-74DD-4A00-8DE6-9C20C75B677B}.Debug|Any CPU.ActiveCfg = Debug|Any CPU
		{0B176630-74DD-4A00-8DE6-9C20C75B677B}.Debug|Any CPU.Build.0 = Debug|Any CPU
		{0B176630-74DD-4A00-8DE6-9C20C75B677B}.Release|Any CPU.ActiveCfg = Release|Any CPU
		{0B176630-74DD-4A00-8DE6-9C20C75B677B}.Release|Any CPU.Build.0 = Release|Any CPU
		{D301E7A5-23FE-4CC5-8E46-364B7642D4D9}.Debug|Any CPU.ActiveCfg = Debug|Any CPU
		{D301E7A5-23FE-4CC5-8E46-364B7642D4D9}.Debug|Any CPU.Build.0 = Debug|Any CPU
		{D301E7A5-23FE-4CC5-8E46-364B7642D4D9}.Release|Any CPU.ActiveCfg = Release|Any CPU
		{D301E7A5-23FE-4CC5-8E46-364B7642D4D9}.Release|Any CPU.Build.0 = Release|Any CPU
		{7E2AAE37-8B2F-4135-BD3D-8B10C466512E}.Debug|Any CPU.ActiveCfg = Debug|Any CPU
		{7E2AAE37-8B2F-4135-BD3D-8B10C466512E}.Debug|Any CPU.Build.0 = Debug|Any CPU
		{7E2AAE37-8B2F-4135-BD3D-8B10C466512E}.Release|Any CPU.ActiveCfg = Release|Any CPU
		{7E2AAE37-8B2F-4135-BD3D-8B10C466512E}.Release|Any CPU.Build.0 = Release|Any CPU
		{ECC856E8-7987-4311-B807-E831D00870D3}.Debug|Any CPU.ActiveCfg = Debug|Any CPU
		{ECC856E8-7987-4311-B807-E831D00870D3}.Debug|Any CPU.Build.0 = Debug|Any CPU
		{ECC856E8-7987-4311-B807-E831D00870D3}.Release|Any CPU.ActiveCfg = Release|Any CPU
		{ECC856E8-7987-4311-B807-E831D00870D3}.Release|Any CPU.Build.0 = Release|Any CPU
		{EF41B488-4E01-4125-8AAA-C07F55278517}.Debug|Any CPU.ActiveCfg = Debug|Any CPU
		{EF41B488-4E01-4125-8AAA-C07F55278517}.Debug|Any CPU.Build.0 = Debug|Any CPU
		{EF41B488-4E01-4125-8AAA-C07F55278517}.Release|Any CPU.ActiveCfg = Release|Any CPU
		{EF41B488-4E01-4125-8AAA-C07F55278517}.Release|Any CPU.Build.0 = Release|Any CPU
	EndGlobalSection
	GlobalSection(SolutionProperties) = preSolution
		HideSolutionNode = FALSE
	EndGlobalSection
	GlobalSection(ExtensibilityGlobals) = postSolution
		SolutionGuid = {A0C93D5F-C48C-4F92-B22D-3866163E4B10}
	EndGlobalSection
EndGlobal
