
Microsoft Visual Studio Solution File, Format Version 12.00
# Visual Studio Version 16
VisualStudioVersion = 16.0.31911.196
MinimumVisualStudioVersion = 10.0.40219.1
Project("{9A19103F-16F7-4668-BE54-9A1E7A4F7556}") = "DataAccess", "DataAccess\DataAccess.csproj", "{05678D21-7B80-471A-AEE1-BF6D069DBE09}"
EndProject
Project("{9A19103F-16F7-4668-BE54-9A1E7A4F7556}") = "Business", "Business\Business.csproj", "{E731389E-1D4F-48E6-91AA-11484F236516}"
EndProject
Project("{9A19103F-16F7-4668-BE54-9A1E7A4F7556}") = "Entities", "Entities\Entities.csproj", "{9DF84C22-E353-4CC4-AACB-CAE0E85694F4}"
EndProject
Project("{9A19103F-16F7-4668-BE54-9A1E7A4F7556}") = "ConsoleUI", "ConsoleUI\ConsoleUI.csproj", "{B79817C8-ECF3-4E20-88A5-4D2586E7B1F7}"
EndProject
Project("{9A19103F-16F7-4668-BE54-9A1E7A4F7556}") = "LinqProject", "LinqProject\LinqProject.csproj", "{C67A633E-2066-4501-A339-10BDC624648D}"
EndProject
Project("{FAE04EC0-301F-11D3-BF4B-00C04F79EFBC}") = "Core", "Core\Core.csproj", "{5766BB53-48AC-4984-94CF-49B621BE3F0C}"
EndProject
Global
	GlobalSection(SolutionConfigurationPlatforms) = preSolution
		Debug|Any CPU = Debug|Any CPU
		Release|Any CPU = Release|Any CPU
	EndGlobalSection
	GlobalSection(ProjectConfigurationPlatforms) = postSolution
		{05678D21-7B80-471A-AEE1-BF6D069DBE09}.Debug|Any CPU.ActiveCfg = Debug|Any CPU
		{05678D21-7B80-471A-AEE1-BF6D069DBE09}.Debug|Any CPU.Build.0 = Debug|Any CPU
		{05678D21-7B80-471A-AEE1-BF6D069DBE09}.Release|Any CPU.ActiveCfg = Release|Any CPU
		{05678D21-7B80-471A-AEE1-BF6D069DBE09}.Release|Any CPU.Build.0 = Release|Any CPU
		{E731389E-1D4F-48E6-91AA-11484F236516}.Debug|Any CPU.ActiveCfg = Debug|Any CPU
		{E731389E-1D4F-48E6-91AA-11484F236516}.Debug|Any CPU.Build.0 = Debug|Any CPU
		{E731389E-1D4F-48E6-91AA-11484F236516}.Release|Any CPU.ActiveCfg = Release|Any CPU
		{E731389E-1D4F-48E6-91AA-11484F236516}.Release|Any CPU.Build.0 = Release|Any CPU
		{9DF84C22-E353-4CC4-AACB-CAE0E85694F4}.Debug|Any CPU.ActiveCfg = Debug|Any CPU
		{9DF84C22-E353-4CC4-AACB-CAE0E85694F4}.Debug|Any CPU.Build.0 = Debug|Any CPU
		{9DF84C22-E353-4CC4-AACB-CAE0E85694F4}.Release|Any CPU.ActiveCfg = Release|Any CPU
		{9DF84C22-E353-4CC4-AACB-CAE0E85694F4}.Release|Any CPU.Build.0 = Release|Any CPU
		{B79817C8-ECF3-4E20-88A5-4D2586E7B1F7}.Debug|Any CPU.ActiveCfg = Debug|Any CPU
		{B79817C8-ECF3-4E20-88A5-4D2586E7B1F7}.Debug|Any CPU.Build.0 = Debug|Any CPU
		{B79817C8-ECF3-4E20-88A5-4D2586E7B1F7}.Release|Any CPU.ActiveCfg = Release|Any CPU
		{B79817C8-ECF3-4E20-88A5-4D2586E7B1F7}.Release|Any CPU.Build.0 = Release|Any CPU
		{C67A633E-2066-4501-A339-10BDC624648D}.Debug|Any CPU.ActiveCfg = Debug|Any CPU
		{C67A633E-2066-4501-A339-10BDC624648D}.Debug|Any CPU.Build.0 = Debug|Any CPU
		{C67A633E-2066-4501-A339-10BDC624648D}.Release|Any CPU.ActiveCfg = Release|Any CPU
		{C67A633E-2066-4501-A339-10BDC624648D}.Release|Any CPU.Build.0 = Release|Any CPU
		{5766BB53-48AC-4984-94CF-49B621BE3F0C}.Debug|Any CPU.ActiveCfg = Debug|Any CPU
		{5766BB53-48AC-4984-94CF-49B621BE3F0C}.Debug|Any CPU.Build.0 = Debug|Any CPU
		{5766BB53-48AC-4984-94CF-49B621BE3F0C}.Release|Any CPU.ActiveCfg = Release|Any CPU
		{5766BB53-48AC-4984-94CF-49B621BE3F0C}.Release|Any CPU.Build.0 = Release|Any CPU
	EndGlobalSection
	GlobalSection(SolutionProperties) = preSolution
		HideSolutionNode = FALSE
	EndGlobalSection
	GlobalSection(ExtensibilityGlobals) = postSolution
		SolutionGuid = {A0C93D5F-C48C-4F92-B22D-3866163E4B10}
	EndGlobalSection
EndGlobal
